# Star Trek Galaxies — source snapshot lock
#
# Generated by `make sources-sync` — do not edit.
#
# What `.source/` currently holds, in vendor.yml's harvest order. This is
# the pinned input to `make vendor`; /workshop is only ever read by
# `make sources-sync`. `tree_sha256` identifies an upstream revision
# exactly — if it is unchanged after a sync, the mod did not update.
#
# Per-file hashes live in .source/.meta/<id>.json.

version: 1
snapshots:
  - id: "937289339"
    name: Real Space 4.0
    taken: "2026-08-01 20:58:47"
    files: 735
    bytes: 1195128936
    tree_sha256: db97044fb51ca194c82cf0533154d44987ecde3edf964392415307f58078c580
    descriptor_version: 4.0.10
  - id: "1887282318"
    name: Real Space - System Scale
    taken: "2026-08-01 20:58:48"
    files: 19
    bytes: 1006789
    tree_sha256: ad106e65a03bf59c0cc9fce7bd4d35f391e74b612ad4efc16f7caf64da6ed099
    descriptor_version: 1.8.9
  - id: "1915620447"
    name: Real Space - Ships in Scaling
    taken: "2026-08-01 20:58:48"
    files: 41
    bytes: 973716
    tree_sha256: 40f401c62100b02d30845c786e39a3536422219a148632ef8947f6f53e525bfd
    descriptor_version: 1.18
  - id: "819148835"
    name: Planetary Diversity
    taken: "2026-08-01 20:58:49"
    files: 3204
    bytes: 1984296304
    tree_sha256: 7e481084d4abbad61d02f9f8f384454a004419a9aa0ee9c8338775b010a7d195
  - id: "3173239930"
    name: PD - Vanilla Replacements
    taken: "2026-08-01 20:58:49"
    files: 235
    bytes: 105519483
    tree_sha256: 89cb40f1ad8855067a12512d4c01268831be83ca626c01ccf4c3c36770944902
  - id: "2284514368"
    name: PD - Gaia Worlds
    taken: "2026-08-01 20:58:49"
    files: 34
    bytes: 76835042
    tree_sha256: 9f71595c17aef588b2112aab3cb3db2141dffb2492fb25329bc0f05a285178b7
  - id: "1740165239"
    name: PD - Unique Worlds
    taken: "2026-08-01 20:58:50"
    files: 255
    bytes: 124129052
    tree_sha256: f7a8edf4139795820030b7fb7f7043feae34d14a61c98aeac8a24848faf67502
  - id: "3241119393"
    name: PD - Ascension Worlds
    taken: "2026-08-01 20:58:50"
    files: 832
    bytes: 593183250
    tree_sha256: 73e31cf02b11d0d82c5c0891cb7bccda23ee2fa83b16dcabf2016a9d9d20015b
  - id: "1732447147"
    name: PD - More Arcologies
    taken: "2026-08-01 20:58:51"
    files: 547
    bytes: 587037305
    tree_sha256: bc4650b9ee96d485b32775f4f5597e3700a6a0038fc4e46c6d6a7ac446e94438
  - id: "3142294658"
    name: PD - City Sets
    taken: "2026-08-01 20:58:51"
    files: 59
    bytes: 19301804
    tree_sha256: 25ff5693d0e41163d1e5213962fd0abb2231b8d210e2da24491694317939eaf2
  - id: "1866576239"
    name: PD - Planet View
    taken: "2026-08-01 20:58:51"
    files: 35
    bytes: 16826206
    tree_sha256: 7f52b1a16854c1f3c12388f5a7ee89c7fd083737ec52088bbf05c9da8f5711bb
  - id: "1327874725"
    name: Yet Another Galaxy Enhancement Mod
    taken: "2026-08-01 20:58:51"
    files: 28
    bytes: 1091132
    tree_sha256: a0e22fcc0a2a5b2e9c936cae5f19df7934c80520e7f828e4f3d0e986f9b7f3cb
    descriptor_version: 4.2.0
  - id: "1326381312"
    name: Assorted Precursor Adjustments
    taken: "2026-08-01 20:58:51"
    files: 10
    bytes: 860801
    tree_sha256: 2489822fa6bb9f756ddc9275c0fbc481649d63d097ebf28c1db0c09bf9322bdf
    descriptor_version: 3.13.0
  - id: "2002751329"
    name: Sensor Expansion
    taken: "2026-08-01 20:58:51"
    files: 21
    bytes: 914717
    tree_sha256: 7bc2bbe4685f9094e03463af9bf1974c8a73bc851c375fefd85e5bce3caac641
    descriptor_version: 4.1
  - id: "3250900527"
    name: Starbase Extended 3.0
    taken: "2026-08-01 20:58:51"
    files: 119
    bytes: 1717358
    tree_sha256: 7414b27503d89c2e227901200634d3f20caac06cc63606bff65d726bbea1815a
    descriptor_version: 1.3.5.
  - id: "1318671320"
    name: "!! K !! - Realistic Asteroids"
    taken: "2026-08-01 20:58:51"
    files: 1
    bytes: 5594144
    tree_sha256: 1c1784c74498e59414289909685927a2351853c336893d78fc6f76146cdc728a
  - id: "1506079770"
    name: Whiter Stars
    taken: "2026-08-01 20:58:51"
    files: 17
    bytes: 406129
    tree_sha256: 995662bd455f6feb873943d7d5d98d30136ec3a20664568fc21a273c20cb9d8b
    descriptor_version: "3.*"
  - id: "1407858645"
    name: "!The Galaxy Is Flat"
    taken: "2026-08-01 20:58:51"
    files: 1
    bytes: 635
    tree_sha256: 7cb9093aeabee852a573fc22b723c2970e1c4b16e93d13b34c93da4af253959d
  - id: "1880071041"
    name: ASB Ironman
    taken: "2026-08-01 20:58:51"
    files: 435
    bytes: 114086994
    tree_sha256: 4b585e226f141b88ffad0edb13e29c1f38258de85590204fc491ef6265d518bb
    descriptor_version: 2.6
  - id: "3397828987"
    name: Diverse Rooms (Updated)
    taken: "2026-08-01 20:58:51"
    files: 280
    bytes: 94334669
    tree_sha256: ba885a57e4d7360352c4c4e485b0da8fb13e8551ed9af37365bbf5a532d43c94
    descriptor_version: "4.4.*"
  - id: "1623423360"
    name: UI Overhaul Dynamic
    taken: "2026-08-01 20:58:51"
    files: 816
    bytes: 231748905
    tree_sha256: 270f2956fec073ad743513e0bb6b7d24ef6452dd018f72b406cd324049702054
    descriptor_version: "4.4.*"
  - id: "3090328185"
    name: UIOD - Extended Topbar for DLCs
    taken: "2026-08-01 20:58:51"
    files: 41
    bytes: 1093428
    tree_sha256: 0432b5c8cc50a891f00a082ebbb91e2fecb79e0b381560226d6b1ac8d15be843
    descriptor_version: "4.4.*"
  - id: "1993018111"
    name: UIOD - Dark UI
    taken: "2026-08-01 20:58:51"
    files: 1124
    bytes: 169854200
    tree_sha256: 6027a5faa27c961f8920487c6f0ee7188518a31c11e9d89cc0d1f6c2e0cf1faf
    descriptor_version: "4.4.*"
  - id: "1224507727"
    name: Extended Soundtrack
    taken: "2026-08-01 20:58:52"
    files: 1
    bytes: 71045847
    tree_sha256: 21e8285ffa030dae33d034580fd61b9490a604a933ba9683e636e311d07246e8
  - id: "1595876588"
    name: "!!!Universal Resource Patch"
    taken: "2026-08-01 20:58:52"
    files: 8
    bytes: 271641
    tree_sha256: fe9f5ad3046275cd7df82c5c402d988a570aa18cbf1bc336b0b6a2cb04043eee
    descriptor_version: "4.1.*"
  - id: "688086068"
    name: "Star Trek: New Horizons"
    taken: "2026-08-01 20:59:08"
    files: 31794
    bytes: 13694050157
    tree_sha256: 59b9e5fd7b05a8a1802842079aa49ae1618e41821accb989c8f47a631c6ee352
    descriptor_version: 4.4.6
  - id: "2990277402"
    name: Betazoid Shipset
    taken: "2026-08-03 07:02:18"
    files: 124
    bytes: 81538327
    tree_sha256: e7d0ec4c57fa9a2430132ff7ea1e357681eeed100e555ed3d50846beb6a958ea
  - id: "2953073033"
    name: Borg Shipset
    taken: "2026-08-03 07:02:18"
    files: 107
    bytes: 19946752
    tree_sha256: a65dacc174ff2bfa21c02895683ac19d3976dba0b074e7b90b6cb310e7c74310
  - id: "2687653241"
    name: Caitian Shipset
    taken: "2026-08-03 07:02:18"
    files: 113
    bytes: 34350882
    tree_sha256: 1fb27ab3069817dc0d4a4eade2b8895fd684deb8af14f07d583bd4009d36319e
  - id: "2728498280"
    name: Cardassian Shipset
    taken: "2026-08-03 07:02:18"
    files: 203
    bytes: 148181731
    tree_sha256: 811249d7b5d68366d1feec062339bff17c94bb3dd821f5ed037eb1397a1a6281
  - id: "3323680661"
    name: Dominion Shipset
    taken: "2026-08-03 07:02:19"
    files: 165
    bytes: 221908796
    tree_sha256: b35d2012ff354f4669b660ac1429824f3b6a8eef7b23beb82bc5b0a19b33f01f
  - id: "3401984530"
    name: Elachi Shipset
    taken: "2026-08-03 07:02:19"
    files: 131
    bytes: 103290564
    tree_sha256: 73626875e4e2bf28e6ebb36654439352e39fdade8c4c74e97bc4843bb812c1fd
  - id: "3059310220"
    name: Ferengi Shipset
    taken: "2026-08-03 07:02:19"
    files: 163
    bytes: 132538895
    tree_sha256: 8ddf068757660fdf4cb41b490df0cf0d15589c72a20e3f5b39ec5c1c83c5999e
  - id: "2672884318"
    name: Klingon Shipset
    taken: "2026-08-03 07:02:19"
    files: 242
    bytes: 144510198
    tree_sha256: cad5d2d0f11fd78fbcdfc886ac47989921d27c69b32400ea08921c2dbcf0edad
  - id: "3243439669"
    name: Krenim Shipset
    taken: "2026-08-03 07:02:19"
    files: 145
    bytes: 165819685
    tree_sha256: cb6c2c644ee206c4eee007e1e5a7faeb6c22fd9783a1d267de15f1b0ff020c11
  - id: "3443849210"
    name: Lukari Shipset
    taken: "2026-08-03 07:02:19"
    files: 127
    bytes: 103894986
    tree_sha256: 099547f782637498b5d2f61452ffe3018a50480f992c7ed4d4d1adc818f02d7d
  - id: "2945365572"
    name: Malon Shipset
    taken: "2026-08-03 07:02:19"
    files: 153
    bytes: 109491879
    tree_sha256: 87d4072a0f6b7796f1eee9bdfe2eea37dca1f1c167da30848a2213721f1a7415
  - id: "2702005349"
    name: Romulan Shipset
    taken: "2026-08-03 07:02:19"
    files: 202
    bytes: 156417455
    tree_sha256: 1a4a7cba039e0d87289d9911c750c7d81dbdf82a315e73da893313e1d666fe08
  - id: "3118844461"
    name: Starfleet TNG Era Shipset
    taken: "2026-08-03 07:02:20"
    files: 360
    bytes: 239288884
    tree_sha256: 022ed1e9683479473544a5ee9a341084b2d86de0c1e6f69980cff56cc3f14e22
  - id: "3200287636"
    name: Suliban Shipset
    taken: "2026-08-03 07:02:20"
    files: 210
    bytes: 187589084
    tree_sha256: 586820a446d6609d236e3cb1cc0d0eaf18c2e283dc051bcb9705260a01f2859c
  - id: "2891668465"
    name: Talarian Shipset
    taken: "2026-08-03 07:02:20"
    files: 157
    bytes: 178274299
    tree_sha256: 09ae0f9442f2d6db7c250f7718ce723223bc578d9c95d473e4c7a3ebbffd2541
  - id: "2679512490"
    name: Terran NX Era Shipset
    taken: "2026-08-03 07:02:20"
    files: 321
    bytes: 138984099
    tree_sha256: a35a1f1cb4a24548a6312564b49a697852583701dbcbfe41665c2ee00f37a8db
  - id: "2683475897"
    name: Tholian Shipset
    taken: "2026-08-03 07:02:20"
    files: 108
    bytes: 15951181
    tree_sha256: 84f3f5093ffde4c6deefb3b54e1eea67ece3ed4930eccdaf205a32bc001343b8
  - id: "2833499231"
    name: Tuterian Shipset
    taken: "2026-08-03 07:02:20"
    files: 121
    bytes: 91192515
    tree_sha256: fd7a01d40914192480742465c57bfdc4f17b05169d8ce94b7d03a5633557fbf8
  - id: "3629202562"
    name: Vidiian Shipset
    taken: "2026-08-03 07:02:20"
    files: 153
    bytes: 184871368
    tree_sha256: 68997f5121bdd1befdb2bcdbd942b79cb787062e5ba026f1ae7f36518348d7f3
  - id: "2804194007"
    name: Vulcan Shipset
    taken: "2026-08-03 07:02:20"
    files: 138
    bytes: 105528097
    tree_sha256: 72f93571aeb0ecebeeaed9881667e830c3b6bd2cffff9b521efcbfbb6c71306a
  - id: "2851692297"
    name: Xindi Shipset
    taken: "2026-08-03 07:02:20"
    files: 169
    bytes: 157622529
    tree_sha256: de004419e59f37f4e74dfc7ed43870d77430c88d003ec5b5d3cd981a571b43c6
  - id: "2745386732"
    name: Yridian Shipset
    taken: "2026-08-03 07:02:20"
    files: 143
    bytes: 46901690
    tree_sha256: 9407be5958ec37f69d6805250a4a61ab37858db41b1e709cf4903b8306c77ba7
